
Microsoft Visual Studio Solution File, Format Version 12.00
# Visual Studio Version 17
VisualStudioVersion = 17.3.32922.545
MinimumVisualStudioVersion = 10.0.40219.1
Project("{FAE04EC0-301F-11D3-BF4B-00C04F79EFBC}") = "ConsoleAdatbazis", "ConsoleAdatbazis\ConsoleAdatbazis.csproj", "{8BBC71CA-121E-40ED-BAAC-B9B46E9959AE}"
EndProject
Global
	GlobalSection(SolutionConfigurationPlatforms) = preSolution
		Debug|Any CPU = Debug|Any CPU
		Release|Any CPU = Release|Any CPU
	EndGlobalSection
	GlobalSection(ProjectConfigurationPlatforms) = postSolution
		{8BBC71CA-121E-40ED-BAAC-B9B46E9959AE}.Debug|Any CPU.ActiveCfg = Debug|Any CPU
		{8BBC71CA-121E-40ED-BAAC-B9B46E9959AE}.Debug|Any CPU.Build.0 = Debug|Any CPU
		{8BBC71CA-121E-40ED-BAAC-B9B46E9959AE}.Release|Any CPU.ActiveCfg = Release|Any CPU
		{8BBC71CA-121E-40ED-BAAC-B9B46E9959AE}.Release|Any CPU.Build.0 = Release|Any CPU
	EndGlobalSection
	GlobalSection(SolutionProperties) = preSolution
		HideSolutionNode = FALSE
	EndGlobalSection
	GlobalSection(ExtensibilityGlobals) = postSolution
		SolutionGuid = {15823280-291E-42C9-8F78-2D126ECDB4E2}
	EndGlobalSection
EndGlobal
